
Microsoft Visual Studio Solution File, Format Version 12.00
# Visual Studio Version 17
VisualStudioVersion = 17.4.33122.133
MinimumVisualStudioVersion = 10.0.40219.1
Project("{FAE04EC0-301F-11D3-BF4B-00C04F79EFBC}") = "ShutDownTimer", "ShutDownTimer\ShutDownTimer.csproj", "{E1788AE5-090D-456E-935F-E244B719F511}"
EndProject
Global
	GlobalSection(SolutionConfigurationPlatforms) = preSolution
		Debug|Any CPU = Debug|Any CPU
		Release|Any CPU = Release|Any CPU
	EndGlobalSection
	GlobalSection(ProjectConfigurationPlatforms) = postSolution
		{E1788AE5-090D-456E-935F-E244B719F511}.Debug|Any CPU.ActiveCfg = Debug|Any CPU
		{E1788AE5-090D-456E-935F-E244B719F511}.Debug|Any CPU.Build.0 = Debug|Any CPU
		{E1788AE5-090D-456E-935F-E244B719F511}.Release|Any CPU.ActiveCfg = Release|Any CPU
		{E1788AE5-090D-456E-935F-E244B719F511}.Release|Any CPU.Build.0 = Release|Any CPU
	EndGlobalSection
	GlobalSection(SolutionProperties) = preSolution
		HideSolutionNode = FALSE
	EndGlobalSection
	GlobalSection(ExtensibilityGlobals) = postSolution
		SolutionGuid = {DB3C5942-6DBA-4BC0-96C5-A9E829751600}
	EndGlobalSection
EndGlobal
